
Microsoft Visual Studio Solution File, Format Version 12.00
# Visual Studio 15
VisualStudioVersion = 15.0.28307.1082
MinimumVisualStudioVersion = 10.0.40219.1
Project("{8BC9CEB8-8B4A-11D0-8D11-00A0C91BC942}") = "Pointers", "Pointers\Pointers.vcxproj", "{664BDDAE-D9B3-45E9-84F7-048C8A1CC363}"
EndProject
Project("{8BC9CEB8-8B4A-11D0-8D11-00A0C91BC942}") = "TransferParameters", "TransferParameters\TransferParameters.vcxproj", "{58F45778-14B6-45D4-B0CC-37B89A52E4F9}"
EndProject
Project("{8BC9CEB8-8B4A-11D0-8D11-00A0C91BC942}") = "References", "References\References.vcxproj", "{285BBC87-3CF8-4F7A-AFB6-F3016E3F3CDE}"
EndProject
Project("{8BC9CEB8-8B4A-11D0-8D11-00A0C91BC942}") = "DynamicMemory", "DynamicMemory\DynamicMemory.vcxproj", "{C3F32B49-BA87-4D0C-AE79-2AEE6EE98CEE}"
EndProject
Project("{8BC9CEB8-8B4A-11D0-8D11-00A0C91BC942}") = "Split", "Split\Split.vcxproj", "{85148C6F-2870-4F4E-B1C5-11B0DD5A7471}"
EndProject
Project("{8BC9CEB8-8B4A-11D0-8D11-00A0C91BC942}") = "StaticMemory", "StaticMemory\StaticMemory.vcxproj", "{1AA1A17F-D091-44F4-A885-715EF86BFA95}"
EndProject
Global
	GlobalSection(SolutionConfigurationPlatforms) = preSolution
		Debug|x64 = Debug|x64
		Debug|x86 = Debug|x86
		Release|x64 = Release|x64
		Release|x86 = Release|x86
	EndGlobalSection
	GlobalSection(ProjectConfigurationPlatforms) = postSolution
		{664BDDAE-D9B3-45E9-84F7-048C8A1CC363}.Debug|x64.ActiveCfg = Debug|x64
		{664BDDAE-D9B3-45E9-84F7-048C8A1CC363}.Debug|x64.Build.0 = Debug|x64
		{664BDDAE-D9B3-45E9-84F7-048C8A1CC363}.Debug|x86.ActiveCfg = Debug|Win32
		{664BDDAE-D9B3-45E9-84F7-048C8A1CC363}.Debug|x86.Build.0 = Debug|Win32
		{664BDDAE-D9B3-45E9-84F7-048C8A1CC363}.Release|x64.ActiveCfg = Release|x64
		{664BDDAE-D9B3-45E9-84F7-048C8A1CC363}.Release|x64.Build.0 = Release|x64
		{664BDDAE-D9B3-45E9-84F7-048C8A1CC363}.Release|x86.ActiveCfg = Release|Win32
		{664BDDAE-D9B3-45E9-84F7-048C8A1CC363}.Release|x86.Build.0 = Release|Win32
		{58F45778-14B6-45D4-B0CC-37B89A52E4F9}.Debug|x64.ActiveCfg = Debug|x64
		{58F45778-14B6-45D4-B0CC-37B89A52E4F9}.Debug|x64.Build.0 = Debug|x64
		{58F45778-14B6-45D4-B0CC-37B89A52E4F9}.Debug|x86.ActiveCfg = Debug|Win32
		{58F45778-14B6-45D4-B0CC-37B89A52E4F9}.Debug|x86.Build.0 = Debug|Win32
		{58F45778-14B6-45D4-B0CC-37B89A52E4F9}.Release|x64.ActiveCfg = Release|x64
		{58F45778-14B6-45D4-B0CC-37B89A52E4F9}.Release|x64.Build.0 = Release|x64
		{58F45778-14B6-45D4-B0CC-37B89A52E4F9}.Release|x86.ActiveCfg = Release|Win32
		{58F45778-14B6-45D4-B0CC-37B89A52E4F9}.Release|x86.Build.0 = Release|Win32
		{285BBC87-3CF8-4F7A-AFB6-F3016E3F3CDE}.Debug|x64.ActiveCfg = Debug|x64
		{285BBC87-3CF8-4F7A-AFB6-F3016E3F3CDE}.Debug|x64.Build.0 = Debug|x64
		{285BBC87-3CF8-4F7A-AFB6-F3016E3F3CDE}.Debug|x86.ActiveCfg = Debug|Win32
		{285BBC87-3CF8-4F7A-AFB6-F3016E3F3CDE}.Debug|x86.Build.0 = Debug|Win32
		{285BBC87-3CF8-4F7A-AFB6-F3016E3F3CDE}.Release|x64.ActiveCfg = Release|x64
		{285BBC87-3CF8-4F7A-AFB6-F3016E3F3CDE}.Release|x64.Build.0 = Release|x64
		{285BBC87-3CF8-4F7A-AFB6-F3016E3F3CDE}.Release|x86.ActiveCfg = Release|Win32
		{285BBC87-3CF8-4F7A-AFB6-F3016E3F3CDE}.Release|x86.Build.0 = Release|Win32
		{C3F32B49-BA87-4D0C-AE79-2AEE6EE98CEE}.Debug|x64.ActiveCfg = Debug|x64
		{C3F32B49-BA87-4D0C-AE79-2AEE6EE98CEE}.Debug|x64.Build.0 = Debug|x64
		{C3F32B49-BA87-4D0C-AE79-2AEE6EE98CEE}.Debug|x86.ActiveCfg = Debug|Win32
		{C3F32B49-BA87-4D0C-AE79-2AEE6EE98CEE}.Debug|x86.Build.0 = Debug|Win32
		{C3F32B49-BA87-4D0C-AE79-2AEE6EE98CEE}.Release|x64.ActiveCfg = Release|x64
		{C3F32B49-BA87-4D0C-AE79-2AEE6EE98CEE}.Release|x64.Build.0 = Release|x64
		{C3F32B49-BA87-4D0C-AE79-2AEE6EE98CEE}.Release|x86.ActiveCfg = Release|Win32
		{C3F32B49-BA87-4D0C-AE79-2AEE6EE98CEE}.Release|x86.Build.0 = Release|Win32
		{85148C6F-2870-4F4E-B1C5-11B0DD5A7471}.Debug|x64.ActiveCfg = Debug|x64
		{85148C6F-2870-4F4E-B1C5-11B0DD5A7471}.Debug|x64.Build.0 = Debug|x64
		{85148C6F-2870-4F4E-B1C5-11B0DD5A7471}.Debug|x86.ActiveCfg = Debug|Win32
		{85148C6F-2870-4F4E-B1C5-11B0DD5A7471}.Debug|x86.Build.0 = Debug|Win32
		{85148C6F-2870-4F4E-B1C5-11B0DD5A7471}.Release|x64.ActiveCfg = Release|x64
		{85148C6F-2870-4F4E-B1C5-11B0DD5A7471}.Release|x64.Build.0 = Release|x64
		{85148C6F-2870-4F4E-B1C5-11B0DD5A7471}.Release|x86.ActiveCfg = Release|Win32
		{85148C6F-2870-4F4E-B1C5-11B0DD5A7471}.Release|x86.Build.0 = Release|Win32
		{1AA1A17F-D091-44F4-A885-715EF86BFA95}.Debug|x64.ActiveCfg = Debug|x64
		{1AA1A17F-D091-44F4-A885-715EF86BFA95}.Debug|x64.Build.0 = Debug|x64
		{1AA1A17F-D091-44F4-A885-715EF86BFA95}.Debug|x86.ActiveCfg = Debug|Win32
		{1AA1A17F-D091-44F4-A885-715EF86BFA95}.Debug|x86.Build.0 = Debug|Win32
		{1AA1A17F-D091-44F4-A885-715EF86BFA95}.Release|x64.ActiveCfg = Release|x64
		{1AA1A17F-D091-44F4-A885-715EF86BFA95}.Release|x64.Build.0 = Release|x64
		{1AA1A17F-D091-44F4-A885-715EF86BFA95}.Release|x86.ActiveCfg = Release|Win32
		{1AA1A17F-D091-44F4-A885-715EF86BFA95}.Release|x86.Build.0 = Release|Win32
	EndGlobalSection
	GlobalSection(SolutionProperties) = preSolution
		HideSolutionNode = FALSE
	EndGlobalSection
	GlobalSection(ExtensibilityGlobals) = postSolution
		SolutionGuid = {E0259082-BFF4-4318-B218-D3432CCD2226}
	EndGlobalSection
EndGlobal
