
Microsoft Visual Studio Solution File, Format Version 12.00
# Visual Studio 15
VisualStudioVersion = 15.0.28307.1082
MinimumVisualStudioVersion = 10.0.40219.1
Project("{8BC9CEB8-8B4A-11D0-8D11-00A0C91BC942}") = "Arrays", "Arrays\Arrays.vcxproj", "{960116B4-E3B9-428C-B74E-37769BEB0CD5}"
EndProject
Project("{8BC9CEB8-8B4A-11D0-8D11-00A0C91BC942}") = "Shift", "Shift\Shift.vcxproj", "{3CDFC1D8-1412-4035-BB00-04FBB5E01B57}"
EndProject
Project("{8BC9CEB8-8B4A-11D0-8D11-00A0C91BC942}") = "Numerics", "Numerics\Numerics.vcxproj", "{54EE6570-7419-48A4-BE5D-F101C33C419E}"
EndProject
Project("{8BC9CEB8-8B4A-11D0-8D11-00A0C91BC942}") = "Random", "Random\Random.vcxproj", "{749D36A7-7E2F-49F6-B873-5FC5944EA44D}"
EndProject
Global
	GlobalSection(SolutionConfigurationPlatforms) = preSolution
		Debug|x64 = Debug|x64
		Debug|x86 = Debug|x86
		Release|x64 = Release|x64
		Release|x86 = Release|x86
	EndGlobalSection
	GlobalSection(ProjectConfigurationPlatforms) = postSolution
		{960116B4-E3B9-428C-B74E-37769BEB0CD5}.Debug|x64.ActiveCfg = Debug|x64
		{960116B4-E3B9-428C-B74E-37769BEB0CD5}.Debug|x64.Build.0 = Debug|x64
		{960116B4-E3B9-428C-B74E-37769BEB0CD5}.Debug|x86.ActiveCfg = Debug|Win32
		{960116B4-E3B9-428C-B74E-37769BEB0CD5}.Debug|x86.Build.0 = Debug|Win32
		{960116B4-E3B9-428C-B74E-37769BEB0CD5}.Release|x64.ActiveCfg = Release|x64
		{960116B4-E3B9-428C-B74E-37769BEB0CD5}.Release|x64.Build.0 = Release|x64
		{960116B4-E3B9-428C-B74E-37769BEB0CD5}.Release|x86.ActiveCfg = Release|Win32
		{960116B4-E3B9-428C-B74E-37769BEB0CD5}.Release|x86.Build.0 = Release|Win32
		{3CDFC1D8-1412-4035-BB00-04FBB5E01B57}.Debug|x64.ActiveCfg = Debug|x64
		{3CDFC1D8-1412-4035-BB00-04FBB5E01B57}.Debug|x64.Build.0 = Debug|x64
		{3CDFC1D8-1412-4035-BB00-04FBB5E01B57}.Debug|x86.ActiveCfg = Debug|Win32
		{3CDFC1D8-1412-4035-BB00-04FBB5E01B57}.Debug|x86.Build.0 = Debug|Win32
		{3CDFC1D8-1412-4035-BB00-04FBB5E01B57}.Release|x64.ActiveCfg = Release|x64
		{3CDFC1D8-1412-4035-BB00-04FBB5E01B57}.Release|x64.Build.0 = Release|x64
		{3CDFC1D8-1412-4035-BB00-04FBB5E01B57}.Release|x86.ActiveCfg = Release|Win32
		{3CDFC1D8-1412-4035-BB00-04FBB5E01B57}.Release|x86.Build.0 = Release|Win32
		{54EE6570-7419-48A4-BE5D-F101C33C419E}.Debug|x64.ActiveCfg = Debug|x64
		{54EE6570-7419-48A4-BE5D-F101C33C419E}.Debug|x64.Build.0 = Debug|x64
		{54EE6570-7419-48A4-BE5D-F101C33C419E}.Debug|x86.ActiveCfg = Debug|Win32
		{54EE6570-7419-48A4-BE5D-F101C33C419E}.Debug|x86.Build.0 = Debug|Win32
		{54EE6570-7419-48A4-BE5D-F101C33C419E}.Release|x64.ActiveCfg = Release|x64
		{54EE6570-7419-48A4-BE5D-F101C33C419E}.Release|x64.Build.0 = Release|x64
		{54EE6570-7419-48A4-BE5D-F101C33C419E}.Release|x86.ActiveCfg = Release|Win32
		{54EE6570-7419-48A4-BE5D-F101C33C419E}.Release|x86.Build.0 = Release|Win32
		{749D36A7-7E2F-49F6-B873-5FC5944EA44D}.Debug|x64.ActiveCfg = Debug|x64
		{749D36A7-7E2F-49F6-B873-5FC5944EA44D}.Debug|x64.Build.0 = Debug|x64
		{749D36A7-7E2F-49F6-B873-5FC5944EA44D}.Debug|x86.ActiveCfg = Debug|Win32
		{749D36A7-7E2F-49F6-B873-5FC5944EA44D}.Debug|x86.Build.0 = Debug|Win32
		{749D36A7-7E2F-49F6-B873-5FC5944EA44D}.Release|x64.ActiveCfg = Release|x64
		{749D36A7-7E2F-49F6-B873-5FC5944EA44D}.Release|x64.Build.0 = Release|x64
		{749D36A7-7E2F-49F6-B873-5FC5944EA44D}.Release|x86.ActiveCfg = Release|Win32
		{749D36A7-7E2F-49F6-B873-5FC5944EA44D}.Release|x86.Build.0 = Release|Win32
	EndGlobalSection
	GlobalSection(SolutionProperties) = preSolution
		HideSolutionNode = FALSE
	EndGlobalSection
	GlobalSection(ExtensibilityGlobals) = postSolution
		SolutionGuid = {56BF799F-69E8-4E71-99A3-0380DAE5FA10}
	EndGlobalSection
EndGlobal
