
Microsoft Visual Studio Solution File, Format Version 12.00
# Visual Studio 15
VisualStudioVersion = 15.0.28307.1082
MinimumVisualStudioVersion = 10.0.40219.1
Project("{8BC9CEB8-8B4A-11D0-8D11-00A0C91BC942}") = "DataTypes", "DataTypes\DataTypes.vcxproj", "{944FAE0D-CF17-42C6-8481-261E029EFCD1}"
EndProject
Project("{8BC9CEB8-8B4A-11D0-8D11-00A0C91BC942}") = "HomeWork", "HomeWork\HomeWork.vcxproj", "{2292A9DD-EA8D-4C44-A272-81C5B0D4CEFE}"
EndProject
Project("{8BC9CEB8-8B4A-11D0-8D11-00A0C91BC942}") = "Constants", "Constants\Constants.vcxproj", "{742EDA75-BB39-42CD-9562-10B53DB4B3CD}"
EndProject
Project("{8BC9CEB8-8B4A-11D0-8D11-00A0C91BC942}") = "Operators", "Operators\Operators.vcxproj", "{ED83E2F9-DD00-47F7-B0BE-317C42FEB731}"
EndProject
Global
	GlobalSection(SolutionConfigurationPlatforms) = preSolution
		Debug|x64 = Debug|x64
		Debug|x86 = Debug|x86
		Release|x64 = Release|x64
		Release|x86 = Release|x86
	EndGlobalSection
	GlobalSection(ProjectConfigurationPlatforms) = postSolution
		{944FAE0D-CF17-42C6-8481-261E029EFCD1}.Debug|x64.ActiveCfg = Debug|x64
		{944FAE0D-CF17-42C6-8481-261E029EFCD1}.Debug|x64.Build.0 = Debug|x64
		{944FAE0D-CF17-42C6-8481-261E029EFCD1}.Debug|x86.ActiveCfg = Debug|Win32
		{944FAE0D-CF17-42C6-8481-261E029EFCD1}.Debug|x86.Build.0 = Debug|Win32
		{944FAE0D-CF17-42C6-8481-261E029EFCD1}.Release|x64.ActiveCfg = Release|x64
		{944FAE0D-CF17-42C6-8481-261E029EFCD1}.Release|x64.Build.0 = Release|x64
		{944FAE0D-CF17-42C6-8481-261E029EFCD1}.Release|x86.ActiveCfg = Release|Win32
		{944FAE0D-CF17-42C6-8481-261E029EFCD1}.Release|x86.Build.0 = Release|Win32
		{2292A9DD-EA8D-4C44-A272-81C5B0D4CEFE}.Debug|x64.ActiveCfg = Debug|x64
		{2292A9DD-EA8D-4C44-A272-81C5B0D4CEFE}.Debug|x64.Build.0 = Debug|x64
		{2292A9DD-EA8D-4C44-A272-81C5B0D4CEFE}.Debug|x86.ActiveCfg = Debug|Win32
		{2292A9DD-EA8D-4C44-A272-81C5B0D4CEFE}.Debug|x86.Build.0 = Debug|Win32
		{2292A9DD-EA8D-4C44-A272-81C5B0D4CEFE}.Release|x64.ActiveCfg = Release|x64
		{2292A9DD-EA8D-4C44-A272-81C5B0D4CEFE}.Release|x64.Build.0 = Release|x64
		{2292A9DD-EA8D-4C44-A272-81C5B0D4CEFE}.Release|x86.ActiveCfg = Release|Win32
		{2292A9DD-EA8D-4C44-A272-81C5B0D4CEFE}.Release|x86.Build.0 = Release|Win32
		{742EDA75-BB39-42CD-9562-10B53DB4B3CD}.Debug|x64.ActiveCfg = Debug|x64
		{742EDA75-BB39-42CD-9562-10B53DB4B3CD}.Debug|x64.Build.0 = Debug|x64
		{742EDA75-BB39-42CD-9562-10B53DB4B3CD}.Debug|x86.ActiveCfg = Debug|Win32
		{742EDA75-BB39-42CD-9562-10B53DB4B3CD}.Debug|x86.Build.0 = Debug|Win32
		{742EDA75-BB39-42CD-9562-10B53DB4B3CD}.Release|x64.ActiveCfg = Release|x64
		{742EDA75-BB39-42CD-9562-10B53DB4B3CD}.Release|x64.Build.0 = Release|x64
		{742EDA75-BB39-42CD-9562-10B53DB4B3CD}.Release|x86.ActiveCfg = Release|Win32
		{742EDA75-BB39-42CD-9562-10B53DB4B3CD}.Release|x86.Build.0 = Release|Win32
		{ED83E2F9-DD00-47F7-B0BE-317C42FEB731}.Debug|x64.ActiveCfg = Debug|x64
		{ED83E2F9-DD00-47F7-B0BE-317C42FEB731}.Debug|x64.Build.0 = Debug|x64
		{ED83E2F9-DD00-47F7-B0BE-317C42FEB731}.Debug|x86.ActiveCfg = Debug|Win32
		{ED83E2F9-DD00-47F7-B0BE-317C42FEB731}.Debug|x86.Build.0 = Debug|Win32
		{ED83E2F9-DD00-47F7-B0BE-317C42FEB731}.Release|x64.ActiveCfg = Release|x64
		{ED83E2F9-DD00-47F7-B0BE-317C42FEB731}.Release|x64.Build.0 = Release|x64
		{ED83E2F9-DD00-47F7-B0BE-317C42FEB731}.Release|x86.ActiveCfg = Release|Win32
		{ED83E2F9-DD00-47F7-B0BE-317C42FEB731}.Release|x86.Build.0 = Release|Win32
	EndGlobalSection
	GlobalSection(SolutionProperties) = preSolution
		HideSolutionNode = FALSE
	EndGlobalSection
	GlobalSection(ExtensibilityGlobals) = postSolution
		SolutionGuid = {3742C0E8-3C65-44D2-BA1B-29304B6857EC}
	EndGlobalSection
EndGlobal
