
Microsoft Visual Studio Solution File, Format Version 12.00
# Visual Studio 15
VisualStudioVersion = 15.0.28307.1082
MinimumVisualStudioVersion = 10.0.40219.1
Project("{8BC9CEB8-8B4A-11D0-8D11-00A0C91BC942}") = "ControlStructures", "ControlStructures\ControlStructures.vcxproj", "{13A80F09-77E4-488C-80D5-FE840102957F}"
EndProject
Project("{8BC9CEB8-8B4A-11D0-8D11-00A0C91BC942}") = "Calc", "Calc\Calc.vcxproj", "{8514561E-DCBC-49AA-9A96-100F37F743DD}"
EndProject
Project("{8BC9CEB8-8B4A-11D0-8D11-00A0C91BC942}") = "FOR", "FOR\FOR.vcxproj", "{5D1EF654-1819-40FB-B408-4084B8748EE9}"
EndProject
Project("{8BC9CEB8-8B4A-11D0-8D11-00A0C91BC942}") = "Shooter", "Shooter\Shooter.vcxproj", "{98674651-D7FB-4142-9EF7-D0758CE3305B}"
EndProject
Project("{8BC9CEB8-8B4A-11D0-8D11-00A0C91BC942}") = "HomeWork", "HomeWork\HomeWork.vcxproj", "{8941E6F8-40FC-46D6-BF3C-678C38703784}"
EndProject
Project("{8BC9CEB8-8B4A-11D0-8D11-00A0C91BC942}") = "Geometry", "Geometry\Geometry.vcxproj", "{611BCC5C-7681-4191-BE08-080BC36EA90C}"
EndProject
Project("{8BC9CEB8-8B4A-11D0-8D11-00A0C91BC942}") = "Chess", "Chess\Chess.vcxproj", "{2DAFED39-A64C-4CE3-B5CC-7767E33FD746}"
EndProject
Global
	GlobalSection(SolutionConfigurationPlatforms) = preSolution
		Debug|x64 = Debug|x64
		Debug|x86 = Debug|x86
		Release|x64 = Release|x64
		Release|x86 = Release|x86
	EndGlobalSection
	GlobalSection(ProjectConfigurationPlatforms) = postSolution
		{13A80F09-77E4-488C-80D5-FE840102957F}.Debug|x64.ActiveCfg = Debug|x64
		{13A80F09-77E4-488C-80D5-FE840102957F}.Debug|x64.Build.0 = Debug|x64
		{13A80F09-77E4-488C-80D5-FE840102957F}.Debug|x86.ActiveCfg = Debug|Win32
		{13A80F09-77E4-488C-80D5-FE840102957F}.Debug|x86.Build.0 = Debug|Win32
		{13A80F09-77E4-488C-80D5-FE840102957F}.Release|x64.ActiveCfg = Release|x64
		{13A80F09-77E4-488C-80D5-FE840102957F}.Release|x64.Build.0 = Release|x64
		{13A80F09-77E4-488C-80D5-FE840102957F}.Release|x86.ActiveCfg = Release|Win32
		{13A80F09-77E4-488C-80D5-FE840102957F}.Release|x86.Build.0 = Release|Win32
		{8514561E-DCBC-49AA-9A96-100F37F743DD}.Debug|x64.ActiveCfg = Debug|x64
		{8514561E-DCBC-49AA-9A96-100F37F743DD}.Debug|x64.Build.0 = Debug|x64
		{8514561E-DCBC-49AA-9A96-100F37F743DD}.Debug|x86.ActiveCfg = Debug|Win32
		{8514561E-DCBC-49AA-9A96-100F37F743DD}.Debug|x86.Build.0 = Debug|Win32
		{8514561E-DCBC-49AA-9A96-100F37F743DD}.Release|x64.ActiveCfg = Release|x64
		{8514561E-DCBC-49AA-9A96-100F37F743DD}.Release|x64.Build.0 = Release|x64
		{8514561E-DCBC-49AA-9A96-100F37F743DD}.Release|x86.ActiveCfg = Release|Win32
		{8514561E-DCBC-49AA-9A96-100F37F743DD}.Release|x86.Build.0 = Release|Win32
		{5D1EF654-1819-40FB-B408-4084B8748EE9}.Debug|x64.ActiveCfg = Debug|x64
		{5D1EF654-1819-40FB-B408-4084B8748EE9}.Debug|x64.Build.0 = Debug|x64
		{5D1EF654-1819-40FB-B408-4084B8748EE9}.Debug|x86.ActiveCfg = Debug|Win32
		{5D1EF654-1819-40FB-B408-4084B8748EE9}.Debug|x86.Build.0 = Debug|Win32
		{5D1EF654-1819-40FB-B408-4084B8748EE9}.Release|x64.ActiveCfg = Release|x64
		{5D1EF654-1819-40FB-B408-4084B8748EE9}.Release|x64.Build.0 = Release|x64
		{5D1EF654-1819-40FB-B408-4084B8748EE9}.Release|x86.ActiveCfg = Release|Win32
		{5D1EF654-1819-40FB-B408-4084B8748EE9}.Release|x86.Build.0 = Release|Win32
		{98674651-D7FB-4142-9EF7-D0758CE3305B}.Debug|x64.ActiveCfg = Debug|x64
		{98674651-D7FB-4142-9EF7-D0758CE3305B}.Debug|x64.Build.0 = Debug|x64
		{98674651-D7FB-4142-9EF7-D0758CE3305B}.Debug|x86.ActiveCfg = Debug|Win32
		{98674651-D7FB-4142-9EF7-D0758CE3305B}.Debug|x86.Build.0 = Debug|Win32
		{98674651-D7FB-4142-9EF7-D0758CE3305B}.Release|x64.ActiveCfg = Release|x64
		{98674651-D7FB-4142-9EF7-D0758CE3305B}.Release|x64.Build.0 = Release|x64
		{98674651-D7FB-4142-9EF7-D0758CE3305B}.Release|x86.ActiveCfg = Release|Win32
		{98674651-D7FB-4142-9EF7-D0758CE3305B}.Release|x86.Build.0 = Release|Win32
		{8941E6F8-40FC-46D6-BF3C-678C38703784}.Debug|x64.ActiveCfg = Debug|x64
		{8941E6F8-40FC-46D6-BF3C-678C38703784}.Debug|x64.Build.0 = Debug|x64
		{8941E6F8-40FC-46D6-BF3C-678C38703784}.Debug|x86.ActiveCfg = Debug|Win32
		{8941E6F8-40FC-46D6-BF3C-678C38703784}.Debug|x86.Build.0 = Debug|Win32
		{8941E6F8-40FC-46D6-BF3C-678C38703784}.Release|x64.ActiveCfg = Release|x64
		{8941E6F8-40FC-46D6-BF3C-678C38703784}.Release|x64.Build.0 = Release|x64
		{8941E6F8-40FC-46D6-BF3C-678C38703784}.Release|x86.ActiveCfg = Release|Win32
		{8941E6F8-40FC-46D6-BF3C-678C38703784}.Release|x86.Build.0 = Release|Win32
		{611BCC5C-7681-4191-BE08-080BC36EA90C}.Debug|x64.ActiveCfg = Debug|x64
		{611BCC5C-7681-4191-BE08-080BC36EA90C}.Debug|x64.Build.0 = Debug|x64
		{611BCC5C-7681-4191-BE08-080BC36EA90C}.Debug|x86.ActiveCfg = Debug|Win32
		{611BCC5C-7681-4191-BE08-080BC36EA90C}.Debug|x86.Build.0 = Debug|Win32
		{611BCC5C-7681-4191-BE08-080BC36EA90C}.Release|x64.ActiveCfg = Release|x64
		{611BCC5C-7681-4191-BE08-080BC36EA90C}.Release|x64.Build.0 = Release|x64
		{611BCC5C-7681-4191-BE08-080BC36EA90C}.Release|x86.ActiveCfg = Release|Win32
		{611BCC5C-7681-4191-BE08-080BC36EA90C}.Release|x86.Build.0 = Release|Win32
		{2DAFED39-A64C-4CE3-B5CC-7767E33FD746}.Debug|x64.ActiveCfg = Debug|x64
		{2DAFED39-A64C-4CE3-B5CC-7767E33FD746}.Debug|x64.Build.0 = Debug|x64
		{2DAFED39-A64C-4CE3-B5CC-7767E33FD746}.Debug|x86.ActiveCfg = Debug|Win32
		{2DAFED39-A64C-4CE3-B5CC-7767E33FD746}.Debug|x86.Build.0 = Debug|Win32
		{2DAFED39-A64C-4CE3-B5CC-7767E33FD746}.Release|x64.ActiveCfg = Release|x64
		{2DAFED39-A64C-4CE3-B5CC-7767E33FD746}.Release|x64.Build.0 = Release|x64
		{2DAFED39-A64C-4CE3-B5CC-7767E33FD746}.Release|x86.ActiveCfg = Release|Win32
		{2DAFED39-A64C-4CE3-B5CC-7767E33FD746}.Release|x86.Build.0 = Release|Win32
	EndGlobalSection
	GlobalSection(SolutionProperties) = preSolution
		HideSolutionNode = FALSE
	EndGlobalSection
	GlobalSection(ExtensibilityGlobals) = postSolution
		SolutionGuid = {3A7944C8-8F47-4A0A-89D7-A6882BD7A291}
	EndGlobalSection
EndGlobal
